
Microsoft Visual Studio Solution File, Format Version 12.00
# Visual Studio Version 17
VisualStudioVersion = 17.5.33414.496
MinimumVisualStudioVersion = 10.0.40219.1
Project("{FAE04EC0-301F-11D3-BF4B-00C04F79EFBC}") = "OlimprojectFirstTask", "OlimprojectFirstTask\OlimprojectFirstTask.csproj", "{1D8E0D5F-A2B0-445F-9E41-1E159420FCE9}"
EndProject
Global
	GlobalSection(SolutionConfigurationPlatforms) = preSolution
		Debug|Any CPU = Debug|Any CPU
		Release|Any CPU = Release|Any CPU
	EndGlobalSection
	GlobalSection(ProjectConfigurationPlatforms) = postSolution
		{1D8E0D5F-A2B0-445F-9E41-1E159420FCE9}.Debug|Any CPU.ActiveCfg = Debug|Any CPU
		{1D8E0D5F-A2B0-445F-9E41-1E159420FCE9}.Debug|Any CPU.Build.0 = Debug|Any CPU
		{1D8E0D5F-A2B0-445F-9E41-1E159420FCE9}.Release|Any CPU.ActiveCfg = Release|Any CPU
		{1D8E0D5F-A2B0-445F-9E41-1E159420FCE9}.Release|Any CPU.Build.0 = Release|Any CPU
	EndGlobalSection
	GlobalSection(SolutionProperties) = preSolution
		HideSolutionNode = FALSE
	EndGlobalSection
	GlobalSection(ExtensibilityGlobals) = postSolution
		SolutionGuid = {408AF14A-EE15-447D-8BAA-ED8C256A7DAB}
	EndGlobalSection
EndGlobal
